
Microsoft Visual Studio Solution File, Format Version 12.00
# Visual Studio Version 17
VisualStudioVersion = 17.3.32811.315
MinimumVisualStudioVersion = 10.0.40219.1
Project("{FAE04EC0-301F-11D3-BF4B-00C04F79EFBC}") = "PerformanceReview", "PerformanceReview.csproj", "{C563F853-B024-40CD-96D6-D1C2633E001D}"
EndProject
Global
	GlobalSection(SolutionConfigurationPlatforms) = preSolution
		Debug|Any CPU = Debug|Any CPU
		Release|Any CPU = Release|Any CPU
	EndGlobalSection
	GlobalSection(ProjectConfigurationPlatforms) = postSolution
		{C563F853-B024-40CD-96D6-D1C2633E001D}.Debug|Any CPU.ActiveCfg = Debug|Any CPU
		{C563F853-B024-40CD-96D6-D1C2633E001D}.Debug|Any CPU.Build.0 = Debug|Any CPU
		{C563F853-B024-40CD-96D6-D1C2633E001D}.Release|Any CPU.ActiveCfg = Release|Any CPU
		{C563F853-B024-40CD-96D6-D1C2633E001D}.Release|Any CPU.Build.0 = Release|Any CPU
	EndGlobalSection
	GlobalSection(SolutionProperties) = preSolution
		HideSolutionNode = FALSE
	EndGlobalSection
	GlobalSection(ExtensibilityGlobals) = postSolution
		SolutionGuid = {60920C43-0F35-48A6-83E1-63715F876D8F}
	EndGlobalSection
EndGlobal
